// !$*UTF8*$!
{
	archiveVersion = 1;
	classes = {
	};
	objectVersion = 50;
	objects = {

/* Begin PBXBuildFile section */
		15F4A7CBABC373D154D91FE7 /* Pods_THEOplayerTests.framework in Frameworks */ = {isa = PBXBuildFile; fileRef = A9DAC9850C4E312AA8CBC5B1 /* Pods_THEOplayerTests.framework */; };
		AAA41566216A36ED00B3CBE5 /* AppDelegate.swift in Sources */ = {isa = PBXBuildFile; fileRef = AAA41565216A36ED00B3CBE5 /* AppDelegate.swift */; };
		AAA41568216A36ED00B3CBE5 /* VideoListViewController.swift in Sources */ = {isa = PBXBuildFile; fileRef = AAA41567216A36ED00B3CBE5 /* VideoListViewController.swift */; };
		AAA4156B216A36ED00B3CBE5 /* Main.storyboard in Resources */ = {isa = PBXBuildFile; fileRef = AAA41569216A36ED00B3CBE5 /* Main.storyboard */; };
		AAA4156D216A36F100B3CBE5 /* Assets.xcassets in Resources */ = {isa = PBXBuildFile; fileRef = AAA4156C216A36F100B3CBE5 /* Assets.xcassets */; };
		AAA41570216A36F100B3CBE5 /* LaunchScreen.storyboard in Resources */ = {isa = PBXBuildFile; fileRef = AAA4156E216A36F100B3CBE5 /* LaunchScreen.storyboard */; };
		AAA4157B216A36F100B3CBE5 /* THEOplayerTests.swift in Sources */ = {isa = PBXBuildFile; fileRef = AAA4157A216A36F100B3CBE5 /* THEOplayerTests.swift */; };
		AAA4158A216A37F000B3CBE5 /* THEOplayerSDK.framework in Frameworks */ = {isa = PBXBuildFile; fileRef = AAA41589216A37F000B3CBE5 /* THEOplayerSDK.framework */; };
		AAA4158B216A37F000B3CBE5 /* THEOplayerSDK.framework in Embed Frameworks */ = {isa = PBXBuildFile; fileRef = AAA41589216A37F000B3CBE5 /* THEOplayerSDK.framework */; settings = {ATTRIBUTES = (CodeSignOnCopy, RemoveHeadersOnCopy, ); }; };
		AAA4158F216A3AFC00B3CBE5 /* videoList.json in Resources */ = {isa = PBXBuildFile; fileRef = AAA4158E216A3AFC00B3CBE5 /* videoList.json */; };
		AAA41592216A3B4B00B3CBE5 /* VideoDataSource.swift in Sources */ = {isa = PBXBuildFile; fileRef = AAA41590216A3B4B00B3CBE5 /* VideoDataSource.swift */; };
		AAA41593216A3B4B00B3CBE5 /* VideoListViewModel.swift in Sources */ = {isa = PBXBuildFile; fileRef = AAA41591216A3B4B00B3CBE5 /* VideoListViewModel.swift */; };
		AAA41596216A3B8900B3CBE5 /* Video.swift in Sources */ = {isa = PBXBuildFile; fileRef = AAA41594216A3B8900B3CBE5 /* Video.swift */; };
		AAA41597216A3B8900B3CBE5 /* Dynamic.swift in Sources */ = {isa = PBXBuildFile; fileRef = AAA41595216A3B8900B3CBE5 /* Dynamic.swift */; };
		AAA4159A216A3BBC00B3CBE5 /* Helpers.swift in Sources */ = {isa = PBXBuildFile; fileRef = AAA41599216A3BBC00B3CBE5 /* Helpers.swift */; };
		AAA4159C216A3C6F00B3CBE5 /* PlayerViewController.swift in Sources */ = {isa = PBXBuildFile; fileRef = AAA4159B216A3C6F00B3CBE5 /* PlayerViewController.swift */; };
		AAA4159E216A3FC500B3CBE5 /* PlayerViewModel.swift in Sources */ = {isa = PBXBuildFile; fileRef = AAA4159D216A3FC500B3CBE5 /* PlayerViewModel.swift */; };
		AAA415A1216A443B00B3CBE5 /* VideoDataSourceTest.swift in Sources */ = {isa = PBXBuildFile; fileRef = AAA4159F216A443B00B3CBE5 /* VideoDataSourceTest.swift */; };
		AAA415A2216A443B00B3CBE5 /* VideoListVMTest.swift in Sources */ = {isa = PBXBuildFile; fileRef = AAA415A0216A443B00B3CBE5 /* VideoListVMTest.swift */; };
		CDDA10932EC46DAD80FD39A8 /* Pods_THEOplayer.framework in Frameworks */ = {isa = PBXBuildFile; fileRef = C9B6B44E5C8A5376EABB678D /* Pods_THEOplayer.framework */; };
/* End PBXBuildFile section */

/* Begin PBXContainerItemProxy section */
		AAA41577216A36F100B3CBE5 /* PBXContainerItemProxy */ = {
			isa = PBXContainerItemProxy;
			containerPortal = AAA4155A216A36EC00B3CBE5 /* Project object */;
			proxyType = 1;
			remoteGlobalIDString = AAA41561216A36EC00B3CBE5;
			remoteInfo = THEOplayer;
		};
/* End PBXContainerItemProxy section */

/* Begin PBXCopyFilesBuildPhase section */
		AAA4158C216A37F000B3CBE5 /* Embed Frameworks */ = {
			isa = PBXCopyFilesBuildPhase;
			buildActionMask = 2147483647;
			dstPath = "";
			dstSubfolderSpec = 10;
			files = (
				AAA4158B216A37F000B3CBE5 /* THEOplayerSDK.framework in Embed Frameworks */,
			);
			name = "Embed Frameworks";
			runOnlyForDeploymentPostprocessing = 0;
		};
/* End PBXCopyFilesBuildPhase section */

/* Begin PBXFileReference section */
		3C7CE5B0D7D356FD417135B5 /* Pods-THEOplayer.debug.xcconfig */ = {isa = PBXFileReference; includeInIndex = 1; lastKnownFileType = text.xcconfig; name = "Pods-THEOplayer.debug.xcconfig"; path = "Pods/Target Support Files/Pods-THEOplayer/Pods-THEOplayer.debug.xcconfig"; sourceTree = "<group>"; };
		6220FEFED334285266A89C42 /* Pods-THEOplayer.release.xcconfig */ = {isa = PBXFileReference; includeInIndex = 1; lastKnownFileType = text.xcconfig; name = "Pods-THEOplayer.release.xcconfig"; path = "Pods/Target Support Files/Pods-THEOplayer/Pods-THEOplayer.release.xcconfig"; sourceTree = "<group>"; };
		9E781E0E47E5208A08B61712 /* Pods-THEOplayerTests.debug.xcconfig */ = {isa = PBXFileReference; includeInIndex = 1; lastKnownFileType = text.xcconfig; name = "Pods-THEOplayerTests.debug.xcconfig"; path = "Pods/Target Support Files/Pods-THEOplayerTests/Pods-THEOplayerTests.debug.xcconfig"; sourceTree = "<group>"; };
		A9DAC9850C4E312AA8CBC5B1 /* Pods_THEOplayerTests.framework */ = {isa = PBXFileReference; explicitFileType = wrapper.framework; includeInIndex = 0; path = Pods_THEOplayerTests.framework; sourceTree = BUILT_PRODUCTS_DIR; };
		AAA41562216A36EC00B3CBE5 /* THEOplayer.app */ = {isa = PBXFileReference; explicitFileType = wrapper.application; includeInIndex = 0; path = THEOplayer.app; sourceTree = BUILT_PRODUCTS_DIR; };
		AAA41565216A36ED00B3CBE5 /* AppDelegate.swift */ = {isa = PBXFileReference; lastKnownFileType = sourcecode.swift; path = AppDelegate.swift; sourceTree = "<group>"; };
		AAA41567216A36ED00B3CBE5 /* VideoListViewController.swift */ = {isa = PBXFileReference; lastKnownFileType = sourcecode.swift; path = VideoListViewController.swift; sourceTree = "<group>"; };
		AAA4156A216A36ED00B3CBE5 /* Base */ = {isa = PBXFileReference; lastKnownFileType = file.storyboard; name = Base; path = Base.lproj/Main.storyboard; sourceTree = "<group>"; };
		AAA4156C216A36F100B3CBE5 /* Assets.xcassets */ = {isa = PBXFileReference; lastKnownFileType = folder.assetcatalog; path = Assets.xcassets; sourceTree = "<group>"; };
		AAA4156F216A36F100B3CBE5 /* Base */ = {isa = PBXFileReference; lastKnownFileType = file.storyboard; name = Base; path = Base.lproj/LaunchScreen.storyboard; sourceTree = "<group>"; };
		AAA41571216A36F100B3CBE5 /* Info.plist */ = {isa = PBXFileReference; lastKnownFileType = text.plist.xml; path = Info.plist; sourceTree = "<group>"; };
		AAA41576216A36F100B3CBE5 /* THEOplayerTests.xctest */ = {isa = PBXFileReference; explicitFileType = wrapper.cfbundle; includeInIndex = 0; path = THEOplayerTests.xctest; sourceTree = BUILT_PRODUCTS_DIR; };
		AAA4157A216A36F100B3CBE5 /* THEOplayerTests.swift */ = {isa = PBXFileReference; lastKnownFileType = sourcecode.swift; path = THEOplayerTests.swift; sourceTree = "<group>"; };
		AAA4157C216A36F100B3CBE5 /* Info.plist */ = {isa = PBXFileReference; lastKnownFileType = text.plist.xml; path = Info.plist; sourceTree = "<group>"; };
		AAA41589216A37F000B3CBE5 /* THEOplayerSDK.framework */ = {isa = PBXFileReference; lastKnownFileType = wrapper.framework; name = THEOplayerSDK.framework; path = Library/THEOplayerSDK.framework; sourceTree = "<group>"; };
		AAA4158E216A3AFC00B3CBE5 /* videoList.json */ = {isa = PBXFileReference; fileEncoding = 4; lastKnownFileType = text.json; path = videoList.json; sourceTree = "<group>"; };
		AAA41590216A3B4B00B3CBE5 /* VideoDataSource.swift */ = {isa = PBXFileReference; fileEncoding = 4; lastKnownFileType = sourcecode.swift; path = VideoDataSource.swift; sourceTree = "<group>"; };
		AAA41591216A3B4B00B3CBE5 /* VideoListViewModel.swift */ = {isa = PBXFileReference; fileEncoding = 4; lastKnownFileType = sourcecode.swift; path = VideoListViewModel.swift; sourceTree = "<group>"; };
		AAA41594216A3B8900B3CBE5 /* Video.swift */ = {isa = PBXFileReference; fileEncoding = 4; lastKnownFileType = sourcecode.swift; path = Video.swift; sourceTree = "<group>"; };
		AAA41595216A3B8900B3CBE5 /* Dynamic.swift */ = {isa = PBXFileReference; fileEncoding = 4; lastKnownFileType = sourcecode.swift; path = Dynamic.swift; sourceTree = "<group>"; };
		AAA41599216A3BBC00B3CBE5 /* Helpers.swift */ = {isa = PBXFileReference; fileEncoding = 4; lastKnownFileType = sourcecode.swift; path = Helpers.swift; sourceTree = "<group>"; };
		AAA4159B216A3C6F00B3CBE5 /* PlayerViewController.swift */ = {isa = PBXFileReference; fileEncoding = 4; lastKnownFileType = sourcecode.swift; path = PlayerViewController.swift; sourceTree = "<group>"; };
		AAA4159D216A3FC500B3CBE5 /* PlayerViewModel.swift */ = {isa = PBXFileReference; fileEncoding = 4; lastKnownFileType = sourcecode.swift; path = PlayerViewModel.swift; sourceTree = "<group>"; };
		AAA4159F216A443B00B3CBE5 /* VideoDataSourceTest.swift */ = {isa = PBXFileReference; fileEncoding = 4; lastKnownFileType = sourcecode.swift; path = VideoDataSourceTest.swift; sourceTree = "<group>"; };
		AAA415A0216A443B00B3CBE5 /* VideoListVMTest.swift */ = {isa = PBXFileReference; fileEncoding = 4; lastKnownFileType = sourcecode.swift; path = VideoListVMTest.swift; sourceTree = "<group>"; };
		C9B6B44E5C8A5376EABB678D /* Pods_THEOplayer.framework */ = {isa = PBXFileReference; explicitFileType = wrapper.framework; includeInIndex = 0; path = Pods_THEOplayer.framework; sourceTree = BUILT_PRODUCTS_DIR; };
		F79873DC8563ECA144F988AC /* Pods-THEOplayerTests.release.xcconfig */ = {isa = PBXFileReference; includeInIndex = 1; lastKnownFileType = text.xcconfig; name = "Pods-THEOplayerTests.release.xcconfig"; path = "Pods/Target Support Files/Pods-THEOplayerTests/Pods-THEOplayerTests.release.xcconfig"; sourceTree = "<group>"; };
/* End PBXFileReference section */

/* Begin PBXFrameworksBuildPhase section */
		AAA4155F216A36EC00B3CBE5 /* Frameworks */ = {
			isa = PBXFrameworksBuildPhase;
			buildActionMask = 2147483647;
			files = (
				AAA4158A216A37F000B3CBE5 /* THEOplayerSDK.framework in Frameworks */,
				CDDA10932EC46DAD80FD39A8 /* Pods_THEOplayer.framework in Frameworks */,
			);
			runOnlyForDeploymentPostprocessing = 0;
		};
		AAA41573216A36F100B3CBE5 /* Frameworks */ = {
			isa = PBXFrameworksBuildPhase;
			buildActionMask = 2147483647;
			files = (
				15F4A7CBABC373D154D91FE7 /* Pods_THEOplayerTests.framework in Frameworks */,
			);
			runOnlyForDeploymentPostprocessing = 0;
		};
/* End PBXFrameworksBuildPhase section */

/* Begin PBXGroup section */
		3F61B6368682D405EED5D5AD /* Frameworks */ = {
			isa = PBXGroup;
			children = (
				C9B6B44E5C8A5376EABB678D /* Pods_THEOplayer.framework */,
				A9DAC9850C4E312AA8CBC5B1 /* Pods_THEOplayerTests.framework */,
			);
			name = Frameworks;
			sourceTree = "<group>";
		};
		AAA41559216A36EC00B3CBE5 = {
			isa = PBXGroup;
			children = (
				AAA41589216A37F000B3CBE5 /* THEOplayerSDK.framework */,
				AAA41564216A36EC00B3CBE5 /* THEOplayer */,
				AAA41579216A36F100B3CBE5 /* THEOplayerTests */,
				AAA41563216A36EC00B3CBE5 /* Products */,
				CE14A4341038F53F1F039DAF /* Pods */,
				3F61B6368682D405EED5D5AD /* Frameworks */,
			);
			sourceTree = "<group>";
		};
		AAA41563216A36EC00B3CBE5 /* Products */ = {
			isa = PBXGroup;
			children = (
				AAA41562216A36EC00B3CBE5 /* THEOplayer.app */,
				AAA41576216A36F100B3CBE5 /* THEOplayerTests.xctest */,
			);
			name = Products;
			sourceTree = "<group>";
		};
		AAA41564216A36EC00B3CBE5 /* THEOplayer */ = {
			isa = PBXGroup;
			children = (
				AAA41598216A3BA800B3CBE5 /* Utils */,
				AAA4158D216A3AD400B3CBE5 /* Resource */,
				AAA41565216A36ED00B3CBE5 /* AppDelegate.swift */,
				AAA41569216A36ED00B3CBE5 /* Main.storyboard */,
				AAA4156C216A36F100B3CBE5 /* Assets.xcassets */,
				AAA4156E216A36F100B3CBE5 /* LaunchScreen.storyboard */,
				AAA41571216A36F100B3CBE5 /* Info.plist */,
				AAA41586216A372A00B3CBE5 /* Model */,
				AAA41587216A373A00B3CBE5 /* View */,
				AAA41588216A374400B3CBE5 /* ViewModel */,
			);
			path = THEOplayer;
			sourceTree = "<group>";
		};
		AAA41579216A36F100B3CBE5 /* THEOplayerTests */ = {
			isa = PBXGroup;
			children = (
				AAA4157A216A36F100B3CBE5 /* THEOplayerTests.swift */,
				AAA4157C216A36F100B3CBE5 /* Info.plist */,
				AAA4159F216A443B00B3CBE5 /* VideoDataSourceTest.swift */,
				AAA415A0216A443B00B3CBE5 /* VideoListVMTest.swift */,
			);
			path = THEOplayerTests;
			sourceTree = "<group>";
		};
		AAA41586216A372A00B3CBE5 /* Model */ = {
			isa = PBXGroup;
			children = (
				AAA41595216A3B8900B3CBE5 /* Dynamic.swift */,
				AAA41594216A3B8900B3CBE5 /* Video.swift */,
			);
			path = Model;
			sourceTree = "<group>";
		};
		AAA41587216A373A00B3CBE5 /* View */ = {
			isa = PBXGroup;
			children = (
				AAA41567216A36ED00B3CBE5 /* VideoListViewController.swift */,
				AAA4159B216A3C6F00B3CBE5 /* PlayerViewController.swift */,
			);
			path = View;
			sourceTree = "<group>";
		};
		AAA41588216A374400B3CBE5 /* ViewModel */ = {
			isa = PBXGroup;
			children = (
				AAA41590216A3B4B00B3CBE5 /* VideoDataSource.swift */,
				AAA41591216A3B4B00B3CBE5 /* VideoListViewModel.swift */,
				AAA4159D216A3FC500B3CBE5 /* PlayerViewModel.swift */,
			);
			path = ViewModel;
			sourceTree = "<group>";
		};
		AAA4158D216A3AD400B3CBE5 /* Resource */ = {
			isa = PBXGroup;
			children = (
				AAA4158E216A3AFC00B3CBE5 /* videoList.json */,
			);
			path = Resource;
			sourceTree = "<group>";
		};
		AAA41598216A3BA800B3CBE5 /* Utils */ = {
			isa = PBXGroup;
			children = (
				AAA41599216A3BBC00B3CBE5 /* Helpers.swift */,
			);
			path = Utils;
			sourceTree = "<group>";
		};
		CE14A4341038F53F1F039DAF /* Pods */ = {
			isa = PBXGroup;
			children = (
				3C7CE5B0D7D356FD417135B5 /* Pods-THEOplayer.debug.xcconfig */,
				6220FEFED334285266A89C42 /* Pods-THEOplayer.release.xcconfig */,
				9E781E0E47E5208A08B61712 /* Pods-THEOplayerTests.debug.xcconfig */,
				F79873DC8563ECA144F988AC /* Pods-THEOplayerTests.release.xcconfig */,
			);
			name = Pods;
			sourceTree = "<group>";
		};
/* End PBXGroup section */

/* Begin PBXNativeTarget section */
		AAA41561216A36EC00B3CBE5 /* THEOplayer */ = {
			isa = PBXNativeTarget;
			buildConfigurationList = AAA4157F216A36F100B3CBE5 /* Build configuration list for PBXNativeTarget "THEOplayer" */;
			buildPhases = (
				E831F79834AE990EDB266068 /* [CP] Check Pods Manifest.lock */,
				AAA4155E216A36EC00B3CBE5 /* Sources */,
				AAA4155F216A36EC00B3CBE5 /* Frameworks */,
				AAA41560216A36EC00B3CBE5 /* Resources */,
				AAA4158C216A37F000B3CBE5 /* Embed Frameworks */,
				8BAFA5DB14DAC0B34E3C580E /* [CP] Embed Pods Frameworks */,
				E52DC8E7FE1237FB1E26E5C2 /* [CP] Copy Pods Resources */,
			);
			buildRules = (
			);
			dependencies = (
			);
			name = THEOplayer;
			productName = THEOplayer;
			productReference = AAA41562216A36EC00B3CBE5 /* THEOplayer.app */;
			productType = "com.apple.product-type.application";
		};
		AAA41575216A36F100B3CBE5 /* THEOplayerTests */ = {
			isa = PBXNativeTarget;
			buildConfigurationList = AAA41582216A36F100B3CBE5 /* Build configuration list for PBXNativeTarget "THEOplayerTests" */;
			buildPhases = (
				B3153C5F1A10F6898D0899BB /* [CP] Check Pods Manifest.lock */,
				AAA41572216A36F100B3CBE5 /* Sources */,
				AAA41573216A36F100B3CBE5 /* Frameworks */,
				AAA41574216A36F100B3CBE5 /* Resources */,
				7B9EEB9E6DAA99FF2386332C /* [CP] Embed Pods Frameworks */,
				123665C34AC245A75F88E748 /* [CP] Copy Pods Resources */,
			);
			buildRules = (
			);
			dependencies = (
				AAA41578216A36F100B3CBE5 /* PBXTargetDependency */,
			);
			name = THEOplayerTests;
			productName = THEOplayerTests;
			productReference = AAA41576216A36F100B3CBE5 /* THEOplayerTests.xctest */;
			productType = "com.apple.product-type.bundle.unit-test";
		};
/* End PBXNativeTarget section */

/* Begin PBXProject section */
		AAA4155A216A36EC00B3CBE5 /* Project object */ = {
			isa = PBXProject;
			attributes = {
				LastSwiftUpdateCheck = 1000;
				LastUpgradeCheck = 1000;
				ORGANIZATIONNAME = "Christian Huang";
				TargetAttributes = {
					AAA41561216A36EC00B3CBE5 = {
						CreatedOnToolsVersion = 10.0;
					};
					AAA41575216A36F100B3CBE5 = {
						CreatedOnToolsVersion = 10.0;
						TestTargetID = AAA41561216A36EC00B3CBE5;
					};
				};
			};
			buildConfigurationList = AAA4155D216A36EC00B3CBE5 /* Build configuration list for PBXProject "THEOplayer" */;
			compatibilityVersion = "Xcode 9.3";
			developmentRegion = en;
			hasScannedForEncodings = 0;
			knownRegions = (
				en,
				Base,
			);
			mainGroup = AAA41559216A36EC00B3CBE5;
			productRefGroup = AAA41563216A36EC00B3CBE5 /* Products */;
			projectDirPath = "";
			projectRoot = "";
			targets = (
				AAA41561216A36EC00B3CBE5 /* THEOplayer */,
				AAA41575216A36F100B3CBE5 /* THEOplayerTests */,
			);
		};
/* End PBXProject section */

/* Begin PBXResourcesBuildPhase section */
		AAA41560216A36EC00B3CBE5 /* Resources */ = {
			isa = PBXResourcesBuildPhase;
			buildActionMask = 2147483647;
			files = (
				AAA41570216A36F100B3CBE5 /* LaunchScreen.storyboard in Resources */,
				AAA4158F216A3AFC00B3CBE5 /* videoList.json in Resources */,
				AAA4156D216A36F100B3CBE5 /* Assets.xcassets in Resources */,
				AAA4156B216A36ED00B3CBE5 /* Main.storyboard in Resources */,
			);
			runOnlyForDeploymentPostprocessing = 0;
		};
		AAA41574216A36F100B3CBE5 /* Resources */ = {
			isa = PBXResourcesBuildPhase;
			buildActionMask = 2147483647;
			files = (
			);
			runOnlyForDeploymentPostprocessing = 0;
		};
/* End PBXResourcesBuildPhase section */

/* Begin PBXShellScriptBuildPhase section */
		123665C34AC245A75F88E748 /* [CP] Copy Pods Resources */ = {
			isa = PBXShellScriptBuildPhase;
			buildActionMask = 2147483647;
			files = (
			);
			inputPaths = (
			);
			name = "[CP] Copy Pods Resources";
			outputPaths = (
			);
			runOnlyForDeploymentPostprocessing = 0;
			shellPath = /bin/sh;
			shellScript = "\"${SRCROOT}/Pods/Target Support Files/Pods-THEOplayerTests/Pods-THEOplayerTests-resources.sh\"\n";
			showEnvVarsInLog = 0;
		};
		7B9EEB9E6DAA99FF2386332C /* [CP] Embed Pods Frameworks */ = {
			isa = PBXShellScriptBuildPhase;
			buildActionMask = 2147483647;
			files = (
			);
			inputPaths = (
			);
			name = "[CP] Embed Pods Frameworks";
			outputPaths = (
			);
			runOnlyForDeploymentPostprocessing = 0;
			shellPath = /bin/sh;
			shellScript = "\"${SRCROOT}/Pods/Target Support Files/Pods-THEOplayerTests/Pods-THEOplayerTests-frameworks.sh\"\n";
			showEnvVarsInLog = 0;
		};
		8BAFA5DB14DAC0B34E3C580E /* [CP] Embed Pods Frameworks */ = {
			isa = PBXShellScriptBuildPhase;
			buildActionMask = 2147483647;
			files = (
			);
			inputPaths = (
				"${SRCROOT}/Pods/Target Support Files/Pods-THEOplayer/Pods-THEOplayer-frameworks.sh",
				"${BUILT_PRODUCTS_DIR}/Protobuf/Protobuf.framework",
			);
			name = "[CP] Embed Pods Frameworks";
			outputPaths = (
				"${TARGET_BUILD_DIR}/${FRAMEWORKS_FOLDER_PATH}/Protobuf.framework",
			);
			runOnlyForDeploymentPostprocessing = 0;
			shellPath = /bin/sh;
			shellScript = "\"${SRCROOT}/Pods/Target Support Files/Pods-THEOplayer/Pods-THEOplayer-frameworks.sh\"\n";
			showEnvVarsInLog = 0;
		};
		B3153C5F1A10F6898D0899BB /* [CP] Check Pods Manifest.lock */ = {
			isa = PBXShellScriptBuildPhase;
			buildActionMask = 2147483647;
			files = (
			);
			inputPaths = (
				"${PODS_PODFILE_DIR_PATH}/Podfile.lock",
				"${PODS_ROOT}/Manifest.lock",
			);
			name = "[CP] Check Pods Manifest.lock";
			outputPaths = (
				"$(DERIVED_FILE_DIR)/Pods-THEOplayerTests-checkManifestLockResult.txt",
			);
			runOnlyForDeploymentPostprocessing = 0;
			shellPath = /bin/sh;
			shellScript = "diff \"${PODS_PODFILE_DIR_PATH}/Podfile.lock\" \"${PODS_ROOT}/Manifest.lock\" > /dev/null\nif [ $? != 0 ] ; then\n    # print error to STDERR\n    echo \"error: The sandbox is not in sync with the Podfile.lock. Run 'pod install' or update your CocoaPods installation.\" >&2\n    exit 1\nfi\n# This output is used by Xcode 'outputs' to avoid re-running this script phase.\necho \"SUCCESS\" > \"${SCRIPT_OUTPUT_FILE_0}\"\n";
			showEnvVarsInLog = 0;
		};
		E52DC8E7FE1237FB1E26E5C2 /* [CP] Copy Pods Resources */ = {
			isa = PBXShellScriptBuildPhase;
			buildActionMask = 2147483647;
			files = (
			);
			inputPaths = (
				"${SRCROOT}/Pods/Target Support Files/Pods-THEOplayer/Pods-THEOplayer-resources.sh",
				"${PODS_ROOT}/google-cast-sdk/GoogleCastSDK-ios-4.3.1_static/GoogleCast.framework/GoogleCastCoreResources.bundle",
				"${PODS_ROOT}/google-cast-sdk/GoogleCastSDK-ios-4.3.1_static/GoogleCast.framework/GoogleCastUIResources.bundle",
			);
			name = "[CP] Copy Pods Resources";
			outputPaths = (
				"${TARGET_BUILD_DIR}/${UNLOCALIZED_RESOURCES_FOLDER_PATH}/GoogleCastCoreResources.bundle",
				"${TARGET_BUILD_DIR}/${UNLOCALIZED_RESOURCES_FOLDER_PATH}/GoogleCastUIResources.bundle",
			);
			runOnlyForDeploymentPostprocessing = 0;
			shellPath = /bin/sh;
			shellScript = "\"${SRCROOT}/Pods/Target Support Files/Pods-THEOplayer/Pods-THEOplayer-resources.sh\"\n";
			showEnvVarsInLog = 0;
		};
		E831F79834AE990EDB266068 /* [CP] Check Pods Manifest.lock */ = {
			isa = PBXShellScriptBuildPhase;
			buildActionMask = 2147483647;
			files = (
			);
			inputPaths = (
				"${PODS_PODFILE_DIR_PATH}/Podfile.lock",
				"${PODS_ROOT}/Manifest.lock",
			);
			name = "[CP] Check Pods Manifest.lock";
			outputPaths = (
				"$(DERIVED_FILE_DIR)/Pods-THEOplayer-checkManifestLockResult.txt",
			);
			runOnlyForDeploymentPostprocessing = 0;
			shellPath = /bin/sh;
			shellScript = "diff \"${PODS_PODFILE_DIR_PATH}/Podfile.lock\" \"${PODS_ROOT}/Manifest.lock\" > /dev/null\nif [ $? != 0 ] ; then\n    # print error to STDERR\n    echo \"error: The sandbox is not in sync with the Podfile.lock. Run 'pod install' or update your CocoaPods installation.\" >&2\n    exit 1\nfi\n# This output is used by Xcode 'outputs' to avoid re-running this script phase.\necho \"SUCCESS\" > \"${SCRIPT_OUTPUT_FILE_0}\"\n";
			showEnvVarsInLog = 0;
		};
/* End PBXShellScriptBuildPhase section */

/* Begin PBXSourcesBuildPhase section */
		AAA4155E216A36EC00B3CBE5 /* Sources */ = {
			isa = PBXSourcesBuildPhase;
			buildActionMask = 2147483647;
			files = (
				AAA4159E216A3FC500B3CBE5 /* PlayerViewModel.swift in Sources */,
				AAA41568216A36ED00B3CBE5 /* VideoListViewController.swift in Sources */,
				AAA4159C216A3C6F00B3CBE5 /* PlayerViewController.swift in Sources */,
				AAA4159A216A3BBC00B3CBE5 /* Helpers.swift in Sources */,
				AAA41566216A36ED00B3CBE5 /* AppDelegate.swift in Sources */,
				AAA41593216A3B4B00B3CBE5 /* VideoListViewModel.swift in Sources */,
				AAA41597216A3B8900B3CBE5 /* Dynamic.swift in Sources */,
				AAA41592216A3B4B00B3CBE5 /* VideoDataSource.swift in Sources */,
				AAA41596216A3B8900B3CBE5 /* Video.swift in Sources */,
			);
			runOnlyForDeploymentPostprocessing = 0;
		};
		AAA41572216A36F100B3CBE5 /* Sources */ = {
			isa = PBXSourcesBuildPhase;
			buildActionMask = 2147483647;
			files = (
				AAA415A1216A443B00B3CBE5 /* VideoDataSourceTest.swift in Sources */,
				AAA4157B216A36F100B3CBE5 /* THEOplayerTests.swift in Sources */,
				AAA415A2216A443B00B3CBE5 /* VideoListVMTest.swift in Sources */,
			);
			runOnlyForDeploymentPostprocessing = 0;
		};
/* End PBXSourcesBuildPhase section */

/* Begin PBXTargetDependency section */
		AAA41578216A36F100B3CBE5 /* PBXTargetDependency */ = {
			isa = PBXTargetDependency;
			target = AAA41561216A36EC00B3CBE5 /* THEOplayer */;
			targetProxy = AAA41577216A36F100B3CBE5 /* PBXContainerItemProxy */;
		};
/* End PBXTargetDependency section */

/* Begin PBXVariantGroup section */
		AAA41569216A36ED00B3CBE5 /* Main.storyboard */ = {
			isa = PBXVariantGroup;
			children = (
				AAA4156A216A36ED00B3CBE5 /* Base */,
			);
			name = Main.storyboard;
			sourceTree = "<group>";
		};
		AAA4156E216A36F100B3CBE5 /* LaunchScreen.storyboard */ = {
			isa = PBXVariantGroup;
			children = (
				AAA4156F216A36F100B3CBE5 /* Base */,
			);
			name = LaunchScreen.storyboard;
			sourceTree = "<group>";
		};
/* End PBXVariantGroup section */

/* Begin XCBuildConfiguration section */
		AAA4157D216A36F100B3CBE5 /* Debug */ = {
			isa = XCBuildConfiguration;
			buildSettings = {
				ALWAYS_SEARCH_USER_PATHS = NO;
				CLANG_ANALYZER_NONNULL = YES;
				CLANG_ANALYZER_NUMBER_OBJECT_CONVERSION = YES_AGGRESSIVE;
				CLANG_CXX_LANGUAGE_STANDARD = "gnu++14";
				CLANG_CXX_LIBRARY = "libc++";
				CLANG_ENABLE_MODULES = YES;
				CLANG_ENABLE_OBJC_ARC = YES;
				CLANG_ENABLE_OBJC_WEAK = YES;
				CLANG_WARN_BLOCK_CAPTURE_AUTORELEASING = YES;
				CLANG_WARN_BOOL_CONVERSION = YES;
				CLANG_WARN_COMMA = YES;
				CLANG_WARN_CONSTANT_CONVERSION = YES;
				CLANG_WARN_DEPRECATED_OBJC_IMPLEMENTATIONS = YES;
				CLANG_WARN_DIRECT_OBJC_ISA_USAGE = YES_ERROR;
				CLANG_WARN_DOCUMENTATION_COMMENTS = YES;
				CLANG_WARN_EMPTY_BODY = YES;
				CLANG_WARN_ENUM_CONVERSION = YES;
				CLANG_WARN_INFINITE_RECURSION = YES;
				CLANG_WARN_INT_CONVERSION = YES;
				CLANG_WARN_NON_LITERAL_NULL_CONVERSION = YES;
				CLANG_WARN_OBJC_IMPLICIT_RETAIN_SELF = YES;
				CLANG_WARN_OBJC_LITERAL_CONVERSION = YES;
				CLANG_WARN_OBJC_ROOT_CLASS = YES_ERROR;
				CLANG_WARN_RANGE_LOOP_ANALYSIS = YES;
				CLANG_WARN_STRICT_PROTOTYPES = YES;
				CLANG_WARN_SUSPICIOUS_MOVE = YES;
				CLANG_WARN_UNGUARDED_AVAILABILITY = YES_AGGRESSIVE;
				CLANG_WARN_UNREACHABLE_CODE = YES;
				CLANG_WARN__DUPLICATE_METHOD_MATCH = YES;
				CODE_SIGN_IDENTITY = "iPhone Developer";
				COPY_PHASE_STRIP = NO;
				DEBUG_INFORMATION_FORMAT = dwarf;
				ENABLE_STRICT_OBJC_MSGSEND = YES;
				ENABLE_TESTABILITY = YES;
				GCC_C_LANGUAGE_STANDARD = gnu11;
				GCC_DYNAMIC_NO_PIC = NO;
				GCC_NO_COMMON_BLOCKS = YES;
				GCC_OPTIMIZATION_LEVEL = 0;
				GCC_PREPROCESSOR_DEFINITIONS = (
					"DEBUG=1",
					"$(inherited)",
				);
				GCC_WARN_64_TO_32_BIT_CONVERSION = YES;
				GCC_WARN_ABOUT_RETURN_TYPE = YES_ERROR;
				GCC_WARN_UNDECLARED_SELECTOR = YES;
				GCC_WARN_UNINITIALIZED_AUTOS = YES_AGGRESSIVE;
				GCC_WARN_UNUSED_FUNCTION = YES;
				GCC_WARN_UNUSED_VARIABLE = YES;
				IPHONEOS_DEPLOYMENT_TARGET = 12.0;
				MTL_ENABLE_DEBUG_INFO = INCLUDE_SOURCE;
				MTL_FAST_MATH = YES;
				ONLY_ACTIVE_ARCH = YES;
				SDKROOT = iphoneos;
				SWIFT_ACTIVE_COMPILATION_CONDITIONS = DEBUG;
				SWIFT_OPTIMIZATION_LEVEL = "-Onone";
			};
			name = Debug;
		};
		AAA4157E216A36F100B3CBE5 /* Release */ = {
			isa = XCBuildConfiguration;
			buildSettings = {
				ALWAYS_SEARCH_USER_PATHS = NO;
				CLANG_ANALYZER_NONNULL = YES;
				CLANG_ANALYZER_NUMBER_OBJECT_CONVERSION = YES_AGGRESSIVE;
				CLANG_CXX_LANGUAGE_STANDARD = "gnu++14";
				CLANG_CXX_LIBRARY = "libc++";
				CLANG_ENABLE_MODULES = YES;
				CLANG_ENABLE_OBJC_ARC = YES;
				CLANG_ENABLE_OBJC_WEAK = YES;
				CLANG_WARN_BLOCK_CAPTURE_AUTORELEASING = YES;
				CLANG_WARN_BOOL_CONVERSION = YES;
				CLANG_WARN_COMMA = YES;
				CLANG_WARN_CONSTANT_CONVERSION = YES;
				CLANG_WARN_DEPRECATED_OBJC_IMPLEMENTATIONS = YES;
				CLANG_WARN_DIRECT_OBJC_ISA_USAGE = YES_ERROR;
				CLANG_WARN_DOCUMENTATION_COMMENTS = YES;
				CLANG_WARN_EMPTY_BODY = YES;
				CLANG_WARN_ENUM_CONVERSION = YES;
				CLANG_WARN_INFINITE_RECURSION = YES;
				CLANG_WARN_INT_CONVERSION = YES;
				CLANG_WARN_NON_LITERAL_NULL_CONVERSION = YES;
				CLANG_WARN_OBJC_IMPLICIT_RETAIN_SELF = YES;
				CLANG_WARN_OBJC_LITERAL_CONVERSION = YES;
				CLANG_WARN_OBJC_ROOT_CLASS = YES_ERROR;
				CLANG_WARN_RANGE_LOOP_ANALYSIS = YES;
				CLANG_WARN_STRICT_PROTOTYPES = YES;
				CLANG_WARN_SUSPICIOUS_MOVE = YES;
				CLANG_WARN_UNGUARDED_AVAILABILITY = YES_AGGRESSIVE;
				CLANG_WARN_UNREACHABLE_CODE = YES;
				CLANG_WARN__DUPLICATE_METHOD_MATCH = YES;
				CODE_SIGN_IDENTITY = "iPhone Developer";
				COPY_PHASE_STRIP = NO;
				DEBUG_INFORMATION_FORMAT = "dwarf-with-dsym";
				ENABLE_NS_ASSERTIONS = NO;
				ENABLE_STRICT_OBJC_MSGSEND = YES;
				GCC_C_LANGUAGE_STANDARD = gnu11;
				GCC_NO_COMMON_BLOCKS = YES;
				GCC_WARN_64_TO_32_BIT_CONVERSION = YES;
				GCC_WARN_ABOUT_RETURN_TYPE = YES_ERROR;
				GCC_WARN_UNDECLARED_SELECTOR = YES;
				GCC_WARN_UNINITIALIZED_AUTOS = YES_AGGRESSIVE;
				GCC_WARN_UNUSED_FUNCTION = YES;
				GCC_WARN_UNUSED_VARIABLE = YES;
				IPHONEOS_DEPLOYMENT_TARGET = 12.0;
				MTL_ENABLE_DEBUG_INFO = NO;
				MTL_FAST_MATH = YES;
				SDKROOT = iphoneos;
				SWIFT_COMPILATION_MODE = wholemodule;
				SWIFT_OPTIMIZATION_LEVEL = "-O";
				VALIDATE_PRODUCT = YES;
			};
			name = Release;
		};
		AAA41580216A36F100B3CBE5 /* Debug */ = {
			isa = XCBuildConfiguration;
			baseConfigurationReference = 3C7CE5B0D7D356FD417135B5 /* Pods-THEOplayer.debug.xcconfig */;
			buildSettings = {
				ASSETCATALOG_COMPILER_APPICON_NAME = AppIcon;
				CODE_SIGN_STYLE = Automatic;
				DEVELOPMENT_TEAM = 7X5UG5NGMS;
				FRAMEWORK_SEARCH_PATHS = (
					"$(inherited)",
					"$(PROJECT_DIR)$(LOCAL_LIBRARY_DIR)",
				);
				INFOPLIST_FILE = THEOplayer/Info.plist;
				LD_RUNPATH_SEARCH_PATHS = (
					"$(inherited)",
					"@executable_path/Frameworks",
				);
				PRODUCT_BUNDLE_IDENTIFIER = net.inovidea.THEOplayer;
				PRODUCT_NAME = "$(TARGET_NAME)";
				SWIFT_VERSION = 4.2;
				TARGETED_DEVICE_FAMILY = "1,2";
			};
			name = Debug;
		};
		AAA41581216A36F100B3CBE5 /* Release */ = {
			isa = XCBuildConfiguration;
			baseConfigurationReference = 6220FEFED334285266A89C42 /* Pods-THEOplayer.release.xcconfig */;
			buildSettings = {
				ASSETCATALOG_COMPILER_APPICON_NAME = AppIcon;
				CODE_SIGN_STYLE = Automatic;
				DEVELOPMENT_TEAM = 7X5UG5NGMS;
				FRAMEWORK_SEARCH_PATHS = (
					"$(inherited)",
					"$(PROJECT_DIR)$(LOCAL_LIBRARY_DIR)",
				);
				INFOPLIST_FILE = THEOplayer/Info.plist;
				LD_RUNPATH_SEARCH_PATHS = (
					"$(inherited)",
					"@executable_path/Frameworks",
				);
				PRODUCT_BUNDLE_IDENTIFIER = net.inovidea.THEOplayer;
				PRODUCT_NAME = "$(TARGET_NAME)";
				SWIFT_VERSION = 4.2;
				TARGETED_DEVICE_FAMILY = "1,2";
			};
			name = Release;
		};
		AAA41583216A36F100B3CBE5 /* Debug */ = {
			isa = XCBuildConfiguration;
			baseConfigurationReference = 9E781E0E47E5208A08B61712 /* Pods-THEOplayerTests.debug.xcconfig */;
			buildSettings = {
				ALWAYS_EMBED_SWIFT_STANDARD_LIBRARIES = YES;
				BUNDLE_LOADER = "$(TEST_HOST)";
				CODE_SIGN_STYLE = Automatic;
				DEVELOPMENT_TEAM = 7X5UG5NGMS;
				INFOPLIST_FILE = THEOplayerTests/Info.plist;
				LD_RUNPATH_SEARCH_PATHS = (
					"$(inherited)",
					"@executable_path/Frameworks",
					"@loader_path/Frameworks",
				);
				PRODUCT_BUNDLE_IDENTIFIER = net.inovidea.THEOplayerTests;
				PRODUCT_NAME = "$(TARGET_NAME)";
				SWIFT_VERSION = 4.2;
				TARGETED_DEVICE_FAMILY = "1,2";
				TEST_HOST = "$(BUILT_PRODUCTS_DIR)/THEOplayer.app/THEOplayer";
			};
			name = Debug;
		};
		AAA41584216A36F100B3CBE5 /* Release */ = {
			isa = XCBuildConfiguration;
			baseConfigurationReference = F79873DC8563ECA144F988AC /* Pods-THEOplayerTests.release.xcconfig */;
			buildSettings = {
				ALWAYS_EMBED_SWIFT_STANDARD_LIBRARIES = YES;
				BUNDLE_LOADER = "$(TEST_HOST)";
				CODE_SIGN_STYLE = Automatic;
				DEVELOPMENT_TEAM = 7X5UG5NGMS;
				INFOPLIST_FILE = THEOplayerTests/Info.plist;
				LD_RUNPATH_SEARCH_PATHS = (
					"$(inherited)",
					"@executable_path/Frameworks",
					"@loader_path/Frameworks",
				);
				PRODUCT_BUNDLE_IDENTIFIER = net.inovidea.THEOplayerTests;
				PRODUCT_NAME = "$(TARGET_NAME)";
				SWIFT_VERSION = 4.2;
				TARGETED_DEVICE_FAMILY = "1,2";
				TEST_HOST = "$(BUILT_PRODUCTS_DIR)/THEOplayer.app/THEOplayer";
			};
			name = Release;
		};
/* End XCBuildConfiguration section */

/* Begin XCConfigurationList section */
		AAA4155D216A36EC00B3CBE5 /* Build configuration list for PBXProject "THEOplayer" */ = {
			isa = XCConfigurationList;
			buildConfigurations = (
				AAA4157D216A36F100B3CBE5 /* Debug */,
				AAA4157E216A36F100B3CBE5 /* Release */,
			);
			defaultConfigurationIsVisible = 0;
			defaultConfigurationName = Release;
		};
		AAA4157F216A36F100B3CBE5 /* Build configuration list for PBXNativeTarget "THEOplayer" */ = {
			isa = XCConfigurationList;
			buildConfigurations = (
				AAA41580216A36F100B3CBE5 /* Debug */,
				AAA41581216A36F100B3CBE5 /* Release */,
			);
			defaultConfigurationIsVisible = 0;
			defaultConfigurationName = Release;
		};
		AAA41582216A36F100B3CBE5 /* Build configuration list for PBXNativeTarget "THEOplayerTests" */ = {
			isa = XCConfigurationList;
			buildConfigurations = (
				AAA41583216A36F100B3CBE5 /* Debug */,
				AAA41584216A36F100B3CBE5 /* Release */,
			);
			defaultConfigurationIsVisible = 0;
			defaultConfigurationName = Release;
		};
/* End XCConfigurationList section */
	};
	rootObject = AAA4155A216A36EC00B3CBE5 /* Project object */;
}
